
Microsoft Visual Studio Solution File, Format Version 12.00
# Visual Studio Version 17
VisualStudioVersion = 17.2.32526.322
MinimumVisualStudioVersion = 10.0.40219.1
Project("{FAE04EC0-301F-11D3-BF4B-00C04F79EFBC}") = "EFCoreMovies", "EFCoreMovies.csproj", "{E899A830-9552-429B-B403-A4EEB503D41C}"
EndProject
Global
	GlobalSection(SolutionConfigurationPlatforms) = preSolution
		Debug|Any CPU = Debug|Any CPU
		Release|Any CPU = Release|Any CPU
	EndGlobalSection
	GlobalSection(ProjectConfigurationPlatforms) = postSolution
		{E899A830-9552-429B-B403-A4EEB503D41C}.Debug|Any CPU.ActiveCfg = Debug|Any CPU
		{E899A830-9552-429B-B403-A4EEB503D41C}.Debug|Any CPU.Build.0 = Debug|Any CPU
		{E899A830-9552-429B-B403-A4EEB503D41C}.Release|Any CPU.ActiveCfg = Release|Any CPU
		{E899A830-9552-429B-B403-A4EEB503D41C}.Release|Any CPU.Build.0 = Release|Any CPU
	EndGlobalSection
	GlobalSection(SolutionProperties) = preSolution
		HideSolutionNode = FALSE
	EndGlobalSection
	GlobalSection(ExtensibilityGlobals) = postSolution
		SolutionGuid = {D3EE5FA0-9DCD-4298-B91B-D6745C230B97}
	EndGlobalSection
EndGlobal
